// !$*UTF8*$!
{
	archiveVersion = 1;
	classes = {
	};
	objectVersion = 50;
	objects = {

/* Begin PBXBuildFile section */
		3515F63A2181623B00D737DE /* AppDelegate.swift in Sources */ = {isa = PBXBuildFile; fileRef = 3515F6392181623B00D737DE /* AppDelegate.swift */; };
		3515F63C2181623B00D737DE /* ViewController.swift in Sources */ = {isa = PBXBuildFile; fileRef = 3515F63B2181623B00D737DE /* ViewController.swift */; };
		3515F63F2181623B00D737DE /* Main.storyboard in Resources */ = {isa = PBXBuildFile; fileRef = 3515F63D2181623B00D737DE /* Main.storyboard */; };
		3515F6412181623C00D737DE /* Assets.xcassets in Resources */ = {isa = PBXBuildFile; fileRef = 3515F6402181623C00D737DE /* Assets.xcassets */; };
		3515F6442181623C00D737DE /* LaunchScreen.storyboard in Resources */ = {isa = PBXBuildFile; fileRef = 3515F6422181623C00D737DE /* LaunchScreen.storyboard */; };
		3515F64F2181623D00D737DE /* TextParseTests.swift in Sources */ = {isa = PBXBuildFile; fileRef = 3515F64E2181623D00D737DE /* TextParseTests.swift */; };
		35325910240F8C1C0030965D /* MYPTextParseContainerController.swift in Sources */ = {isa = PBXBuildFile; fileRef = 353258E4240F8C1B0030965D /* MYPTextParseContainerController.swift */; };
		35325911240F8C1C0030965D /* MYPTextParseViewController.swift in Sources */ = {isa = PBXBuildFile; fileRef = 353258E5240F8C1B0030965D /* MYPTextParseViewController.swift */; };
		35325912240F8C1C0030965D /* MYPFoundation.swift in Sources */ = {isa = PBXBuildFile; fileRef = 353258E6240F8C1B0030965D /* MYPFoundation.swift */; };
		35325913240F8C1C0030965D /* ConstraintMultiplierTarget.swift in Sources */ = {isa = PBXBuildFile; fileRef = 353258E8240F8C1B0030965D /* ConstraintMultiplierTarget.swift */; };
		35325914240F8C1C0030965D /* LayoutConstraintItem.swift in Sources */ = {isa = PBXBuildFile; fileRef = 353258E9240F8C1B0030965D /* LayoutConstraintItem.swift */; };
		35325915240F8C1C0030965D /* ConstraintDescription.swift in Sources */ = {isa = PBXBuildFile; fileRef = 353258EA240F8C1B0030965D /* ConstraintDescription.swift */; };
		35325916240F8C1C0030965D /* ConstraintMakerPriortizable.swift in Sources */ = {isa = PBXBuildFile; fileRef = 353258EB240F8C1B0030965D /* ConstraintMakerPriortizable.swift */; };
		35325917240F8C1C0030965D /* ConstraintAttributes.swift in Sources */ = {isa = PBXBuildFile; fileRef = 353258EC240F8C1B0030965D /* ConstraintAttributes.swift */; };
		35325918240F8C1C0030965D /* ConstraintViewDSL.swift in Sources */ = {isa = PBXBuildFile; fileRef = 353258ED240F8C1B0030965D /* ConstraintViewDSL.swift */; };
		35325919240F8C1C0030965D /* ConstraintPriorityTarget.swift in Sources */ = {isa = PBXBuildFile; fileRef = 353258EE240F8C1B0030965D /* ConstraintPriorityTarget.swift */; };
		3532591A240F8C1C0030965D /* ConstraintInsets.swift in Sources */ = {isa = PBXBuildFile; fileRef = 353258EF240F8C1B0030965D /* ConstraintInsets.swift */; };
		3532591B240F8C1C0030965D /* ConstraintMakerFinalizable.swift in Sources */ = {isa = PBXBuildFile; fileRef = 353258F0240F8C1B0030965D /* ConstraintMakerFinalizable.swift */; };
		3532591C240F8C1C0030965D /* ConstraintDSL.swift in Sources */ = {isa = PBXBuildFile; fileRef = 353258F1240F8C1B0030965D /* ConstraintDSL.swift */; };
		3532591D240F8C1C0030965D /* ConstraintMakerExtendable.swift in Sources */ = {isa = PBXBuildFile; fileRef = 353258F2240F8C1B0030965D /* ConstraintMakerExtendable.swift */; };
		3532591E240F8C1C0030965D /* ConstraintPriority.swift in Sources */ = {isa = PBXBuildFile; fileRef = 353258F3240F8C1B0030965D /* ConstraintPriority.swift */; };
		3532591F240F8C1C0030965D /* ConstraintInsetTarget.swift in Sources */ = {isa = PBXBuildFile; fileRef = 353258F4240F8C1B0030965D /* ConstraintInsetTarget.swift */; };
		35325920240F8C1C0030965D /* ConstraintConfig.swift in Sources */ = {isa = PBXBuildFile; fileRef = 353258F6240F8C1B0030965D /* ConstraintConfig.swift */; };
		35325921240F8C1C0030965D /* UILayoutSupport+Extensions.swift in Sources */ = {isa = PBXBuildFile; fileRef = 353258F7240F8C1B0030965D /* UILayoutSupport+Extensions.swift */; };
		35325922240F8C1C0030965D /* ConstraintView.swift in Sources */ = {isa = PBXBuildFile; fileRef = 353258F8240F8C1B0030965D /* ConstraintView.swift */; };
		35325923240F8C1C0030965D /* ConstraintLayoutGuide.swift in Sources */ = {isa = PBXBuildFile; fileRef = 353258F9240F8C1B0030965D /* ConstraintLayoutGuide.swift */; };
		35325924240F8C1C0030965D /* ConstraintLayoutSupport.swift in Sources */ = {isa = PBXBuildFile; fileRef = 353258FA240F8C1C0030965D /* ConstraintLayoutSupport.swift */; };
		35325925240F8C1C0030965D /* Typealiases.swift in Sources */ = {isa = PBXBuildFile; fileRef = 353258FB240F8C1C0030965D /* Typealiases.swift */; };
		35325926240F8C1C0030965D /* ConstraintConstantTarget.swift in Sources */ = {isa = PBXBuildFile; fileRef = 353258FC240F8C1C0030965D /* ConstraintConstantTarget.swift */; };
		35325927240F8C1C0030965D /* ConstraintOffsetTarget.swift in Sources */ = {isa = PBXBuildFile; fileRef = 353258FD240F8C1C0030965D /* ConstraintOffsetTarget.swift */; };
		35325928240F8C1C0030965D /* ConstraintMakerEditable.swift in Sources */ = {isa = PBXBuildFile; fileRef = 353258FE240F8C1C0030965D /* ConstraintMakerEditable.swift */; };
		35325929240F8C1C0030965D /* ConstraintMaker.swift in Sources */ = {isa = PBXBuildFile; fileRef = 353258FF240F8C1C0030965D /* ConstraintMaker.swift */; };
		3532592A240F8C1C0030965D /* ConstraintRelation.swift in Sources */ = {isa = PBXBuildFile; fileRef = 35325900240F8C1C0030965D /* ConstraintRelation.swift */; };
		3532592B240F8C1C0030965D /* ConstraintLayoutGuideDSL.swift in Sources */ = {isa = PBXBuildFile; fileRef = 35325901240F8C1C0030965D /* ConstraintLayoutGuideDSL.swift */; };
		3532592C240F8C1C0030965D /* ConstraintView+Extensions.swift in Sources */ = {isa = PBXBuildFile; fileRef = 35325902240F8C1C0030965D /* ConstraintView+Extensions.swift */; };
		3532592D240F8C1C0030965D /* ConstraintItem.swift in Sources */ = {isa = PBXBuildFile; fileRef = 35325903240F8C1C0030965D /* ConstraintItem.swift */; };
		3532592E240F8C1C0030965D /* Constraint.swift in Sources */ = {isa = PBXBuildFile; fileRef = 35325904240F8C1C0030965D /* Constraint.swift */; };
		3532592F240F8C1C0030965D /* Debugging.swift in Sources */ = {isa = PBXBuildFile; fileRef = 35325905240F8C1C0030965D /* Debugging.swift */; };
		35325930240F8C1C0030965D /* ConstraintRelatableTarget.swift in Sources */ = {isa = PBXBuildFile; fileRef = 35325906240F8C1C0030965D /* ConstraintRelatableTarget.swift */; };
		35325931240F8C1C0030965D /* Info.plist in Resources */ = {isa = PBXBuildFile; fileRef = 35325907240F8C1C0030965D /* Info.plist */; };
		35325932240F8C1C0030965D /* LayoutConstraint.swift in Sources */ = {isa = PBXBuildFile; fileRef = 35325908240F8C1C0030965D /* LayoutConstraint.swift */; };
		35325933240F8C1C0030965D /* ConstraintLayoutGuide+Extensions.swift in Sources */ = {isa = PBXBuildFile; fileRef = 35325909240F8C1C0030965D /* ConstraintLayoutGuide+Extensions.swift */; };
		35325934240F8C1C0030965D /* ConstraintLayoutSupportDSL.swift in Sources */ = {isa = PBXBuildFile; fileRef = 3532590A240F8C1C0030965D /* ConstraintLayoutSupportDSL.swift */; };
		35325935240F8C1C0030965D /* ConstraintMakerRelatable.swift in Sources */ = {isa = PBXBuildFile; fileRef = 3532590B240F8C1C0030965D /* ConstraintMakerRelatable.swift */; };
		35325936240F8C1C0030965D /* MYPTextParse.swift in Sources */ = {isa = PBXBuildFile; fileRef = 3532590C240F8C1C0030965D /* MYPTextParse.swift */; };
		35325937240F8C1C0030965D /* Then.swift in Sources */ = {isa = PBXBuildFile; fileRef = 3532590E240F8C1C0030965D /* Then.swift */; };
		35325938240F8C1C0030965D /* MAYBigBangViewController.m in Sources */ = {isa = PBXBuildFile; fileRef = 3532590F240F8C1C0030965D /* MAYBigBangViewController.m */; };
		3578CF2F2181657D00D01807 /* MYPTextParse.swift in Sources */ = {isa = PBXBuildFile; fileRef = 3578CF2D2181657C00D01807 /* MYPTextParse.swift */; };
		3578CF302181657D00D01807 /* Random.swift in Sources */ = {isa = PBXBuildFile; fileRef = 3578CF2E2181657D00D01807 /* Random.swift */; };
/* End PBXBuildFile section */

/* Begin PBXContainerItemProxy section */
		3515F64B2181623D00D737DE /* PBXContainerItemProxy */ = {
			isa = PBXContainerItemProxy;
			containerPortal = 3515F62E2181623A00D737DE /* Project object */;
			proxyType = 1;
			remoteGlobalIDString = 3515F6352181623A00D737DE;
			remoteInfo = TextParse;
		};
/* End PBXContainerItemProxy section */

/* Begin PBXFileReference section */
		3515F6362181623A00D737DE /* TextParse.app */ = {isa = PBXFileReference; explicitFileType = wrapper.application; includeInIndex = 0; path = TextParse.app; sourceTree = BUILT_PRODUCTS_DIR; };
		3515F6392181623B00D737DE /* AppDelegate.swift */ = {isa = PBXFileReference; lastKnownFileType = sourcecode.swift; path = AppDelegate.swift; sourceTree = "<group>"; };
		3515F63B2181623B00D737DE /* ViewController.swift */ = {isa = PBXFileReference; lastKnownFileType = sourcecode.swift; path = ViewController.swift; sourceTree = "<group>"; };
		3515F63E2181623B00D737DE /* Base */ = {isa = PBXFileReference; lastKnownFileType = file.storyboard; name = Base; path = Base.lproj/Main.storyboard; sourceTree = "<group>"; };
		3515F6402181623C00D737DE /* Assets.xcassets */ = {isa = PBXFileReference; lastKnownFileType = folder.assetcatalog; path = Assets.xcassets; sourceTree = "<group>"; };
		3515F6432181623C00D737DE /* Base */ = {isa = PBXFileReference; lastKnownFileType = file.storyboard; name = Base; path = Base.lproj/LaunchScreen.storyboard; sourceTree = "<group>"; };
		3515F6452181623C00D737DE /* Info.plist */ = {isa = PBXFileReference; lastKnownFileType = text.plist.xml; path = Info.plist; sourceTree = "<group>"; };
		3515F64A2181623D00D737DE /* TextParseTests.xctest */ = {isa = PBXFileReference; explicitFileType = wrapper.cfbundle; includeInIndex = 0; path = TextParseTests.xctest; sourceTree = BUILT_PRODUCTS_DIR; };
		3515F64E2181623D00D737DE /* TextParseTests.swift */ = {isa = PBXFileReference; lastKnownFileType = sourcecode.swift; path = TextParseTests.swift; sourceTree = "<group>"; };
		3515F6502181623D00D737DE /* Info.plist */ = {isa = PBXFileReference; lastKnownFileType = text.plist.xml; path = Info.plist; sourceTree = "<group>"; };
		353258E4240F8C1B0030965D /* MYPTextParseContainerController.swift */ = {isa = PBXFileReference; fileEncoding = 4; lastKnownFileType = sourcecode.swift; path = MYPTextParseContainerController.swift; sourceTree = "<group>"; };
		353258E5240F8C1B0030965D /* MYPTextParseViewController.swift */ = {isa = PBXFileReference; fileEncoding = 4; lastKnownFileType = sourcecode.swift; path = MYPTextParseViewController.swift; sourceTree = "<group>"; };
		353258E6240F8C1B0030965D /* MYPFoundation.swift */ = {isa = PBXFileReference; fileEncoding = 4; lastKnownFileType = sourcecode.swift; path = MYPFoundation.swift; sourceTree = "<group>"; };
		353258E8240F8C1B0030965D /* ConstraintMultiplierTarget.swift */ = {isa = PBXFileReference; fileEncoding = 4; lastKnownFileType = sourcecode.swift; path = ConstraintMultiplierTarget.swift; sourceTree = "<group>"; };
		353258E9240F8C1B0030965D /* LayoutConstraintItem.swift */ = {isa = PBXFileReference; fileEncoding = 4; lastKnownFileType = sourcecode.swift; path = LayoutConstraintItem.swift; sourceTree = "<group>"; };
		353258EA240F8C1B0030965D /* ConstraintDescription.swift */ = {isa = PBXFileReference; fileEncoding = 4; lastKnownFileType = sourcecode.swift; path = ConstraintDescription.swift; sourceTree = "<group>"; };
		353258EB240F8C1B0030965D /* ConstraintMakerPriortizable.swift */ = {isa = PBXFileReference; fileEncoding = 4; lastKnownFileType = sourcecode.swift; path = ConstraintMakerPriortizable.swift; sourceTree = "<group>"; };
		353258EC240F8C1B0030965D /* ConstraintAttributes.swift */ = {isa = PBXFileReference; fileEncoding = 4; lastKnownFileType = sourcecode.swift; path = ConstraintAttributes.swift; sourceTree = "<group>"; };
		353258ED240F8C1B0030965D /* ConstraintViewDSL.swift */ = {isa = PBXFileReference; fileEncoding = 4; lastKnownFileType = sourcecode.swift; path = ConstraintViewDSL.swift; sourceTree = "<group>"; };
		353258EE240F8C1B0030965D /* ConstraintPriorityTarget.swift */ = {isa = PBXFileReference; fileEncoding = 4; lastKnownFileType = sourcecode.swift; path = ConstraintPriorityTarget.swift; sourceTree = "<group>"; };
		353258EF240F8C1B0030965D /* ConstraintInsets.swift */ = {isa = PBXFileReference; fileEncoding = 4; lastKnownFileType = sourcecode.swift; path = ConstraintInsets.swift; sourceTree = "<group>"; };
		353258F0240F8C1B0030965D /* ConstraintMakerFinalizable.swift */ = {isa = PBXFileReference; fileEncoding = 4; lastKnownFileType = sourcecode.swift; path = ConstraintMakerFinalizable.swift; sourceTree = "<group>"; };
		353258F1240F8C1B0030965D /* ConstraintDSL.swift */ = {isa = PBXFileReference; fileEncoding = 4; lastKnownFileType = sourcecode.swift; path = ConstraintDSL.swift; sourceTree = "<group>"; };
		353258F2240F8C1B0030965D /* ConstraintMakerExtendable.swift */ = {isa = PBXFileReference; fileEncoding = 4; lastKnownFileType = sourcecode.swift; path = ConstraintMakerExtendable.swift; sourceTree = "<group>"; };
		353258F3240F8C1B0030965D /* ConstraintPriority.swift */ = {isa = PBXFileReference; fileEncoding = 4; lastKnownFileType = sourcecode.swift; path = ConstraintPriority.swift; sourceTree = "<group>"; };
		353258F4240F8C1B0030965D /* ConstraintInsetTarget.swift */ = {isa = PBXFileReference; fileEncoding = 4; lastKnownFileType = sourcecode.swift; path = ConstraintInsetTarget.swift; sourceTree = "<group>"; };
		353258F5240F8C1B0030965D /* SnapKit.h */ = {isa = PBXFileReference; fileEncoding = 4; lastKnownFileType = sourcecode.c.h; path = SnapKit.h; sourceTree = "<group>"; };
		353258F6240F8C1B0030965D /* ConstraintConfig.swift */ = {isa = PBXFileReference; fileEncoding = 4; lastKnownFileType = sourcecode.swift; path = ConstraintConfig.swift; sourceTree = "<group>"; };
		353258F7240F8C1B0030965D /* UILayoutSupport+Extensions.swift */ = {isa = PBXFileReference; fileEncoding = 4; lastKnownFileType = sourcecode.swift; path = "UILayoutSupport+Extensions.swift"; sourceTree = "<group>"; };
		353258F8240F8C1B0030965D /* ConstraintView.swift */ = {isa = PBXFileReference; fileEncoding = 4; lastKnownFileType = sourcecode.swift; path = ConstraintView.swift; sourceTree = "<group>"; };
		353258F9240F8C1B0030965D /* ConstraintLayoutGuide.swift */ = {isa = PBXFileReference; fileEncoding = 4; lastKnownFileType = sourcecode.swift; path = ConstraintLayoutGuide.swift; sourceTree = "<group>"; };
		353258FA240F8C1C0030965D /* ConstraintLayoutSupport.swift */ = {isa = PBXFileReference; fileEncoding = 4; lastKnownFileType = sourcecode.swift; path = ConstraintLayoutSupport.swift; sourceTree = "<group>"; };
		353258FB240F8C1C0030965D /* Typealiases.swift */ = {isa = PBXFileReference; fileEncoding = 4; lastKnownFileType = sourcecode.swift; path = Typealiases.swift; sourceTree = "<group>"; };
		353258FC240F8C1C0030965D /* ConstraintConstantTarget.swift */ = {isa = PBXFileReference; fileEncoding = 4; lastKnownFileType = sourcecode.swift; path = ConstraintConstantTarget.swift; sourceTree = "<group>"; };
		353258FD240F8C1C0030965D /* ConstraintOffsetTarget.swift */ = {isa = PBXFileReference; fileEncoding = 4; lastKnownFileType = sourcecode.swift; path = ConstraintOffsetTarget.swift; sourceTree = "<group>"; };
		353258FE240F8C1C0030965D /* ConstraintMakerEditable.swift */ = {isa = PBXFileReference; fileEncoding = 4; lastKnownFileType = sourcecode.swift; path = ConstraintMakerEditable.swift; sourceTree = "<group>"; };
		353258FF240F8C1C0030965D /* ConstraintMaker.swift */ = {isa = PBXFileReference; fileEncoding = 4; lastKnownFileType = sourcecode.swift; path = ConstraintMaker.swift; sourceTree = "<group>"; };
		35325900240F8C1C0030965D /* ConstraintRelation.swift */ = {isa = PBXFileReference; fileEncoding = 4; lastKnownFileType = sourcecode.swift; path = ConstraintRelation.swift; sourceTree = "<group>"; };
		35325901240F8C1C0030965D /* ConstraintLayoutGuideDSL.swift */ = {isa = PBXFileReference; fileEncoding = 4; lastKnownFileType = sourcecode.swift; path = ConstraintLayoutGuideDSL.swift; sourceTree = "<group>"; };
		35325902240F8C1C0030965D /* ConstraintView+Extensions.swift */ = {isa = PBXFileReference; fileEncoding = 4; lastKnownFileType = sourcecode.swift; path = "ConstraintView+Extensions.swift"; sourceTree = "<group>"; };
		35325903240F8C1C0030965D /* ConstraintItem.swift */ = {isa = PBXFileReference; fileEncoding = 4; lastKnownFileType = sourcecode.swift; path = ConstraintItem.swift; sourceTree = "<group>"; };
		35325904240F8C1C0030965D /* Constraint.swift */ = {isa = PBXFileReference; fileEncoding = 4; lastKnownFileType = sourcecode.swift; path = Constraint.swift; sourceTree = "<group>"; };
		35325905240F8C1C0030965D /* Debugging.swift */ = {isa = PBXFileReference; fileEncoding = 4; lastKnownFileType = sourcecode.swift; path = Debugging.swift; sourceTree = "<group>"; };
		35325906240F8C1C0030965D /* ConstraintRelatableTarget.swift */ = {isa = PBXFileReference; fileEncoding = 4; lastKnownFileType = sourcecode.swift; path = ConstraintRelatableTarget.swift; sourceTree = "<group>"; };
		35325907240F8C1C0030965D /* Info.plist */ = {isa = PBXFileReference; fileEncoding = 4; lastKnownFileType = text.plist.xml; path = Info.plist; sourceTree = "<group>"; };
		35325908240F8C1C0030965D /* LayoutConstraint.swift */ = {isa = PBXFileReference; fileEncoding = 4; lastKnownFileType = sourcecode.swift; path = LayoutConstraint.swift; sourceTree = "<group>"; };
		35325909240F8C1C0030965D /* ConstraintLayoutGuide+Extensions.swift */ = {isa = PBXFileReference; fileEncoding = 4; lastKnownFileType = sourcecode.swift; path = "ConstraintLayoutGuide+Extensions.swift"; sourceTree = "<group>"; };
		3532590A240F8C1C0030965D /* ConstraintLayoutSupportDSL.swift */ = {isa = PBXFileReference; fileEncoding = 4; lastKnownFileType = sourcecode.swift; path = ConstraintLayoutSupportDSL.swift; sourceTree = "<group>"; };
		3532590B240F8C1C0030965D /* ConstraintMakerRelatable.swift */ = {isa = PBXFileReference; fileEncoding = 4; lastKnownFileType = sourcecode.swift; path = ConstraintMakerRelatable.swift; sourceTree = "<group>"; };
		3532590C240F8C1C0030965D /* MYPTextParse.swift */ = {isa = PBXFileReference; fileEncoding = 4; lastKnownFileType = sourcecode.swift; path = MYPTextParse.swift; sourceTree = "<group>"; };
		3532590D240F8C1C0030965D /* MAYBigBangViewController.h */ = {isa = PBXFileReference; fileEncoding = 4; lastKnownFileType = sourcecode.c.h; path = MAYBigBangViewController.h; sourceTree = "<group>"; };
		3532590E240F8C1C0030965D /* Then.swift */ = {isa = PBXFileReference; fileEncoding = 4; lastKnownFileType = sourcecode.swift; path = Then.swift; sourceTree = "<group>"; };
		3532590F240F8C1C0030965D /* MAYBigBangViewController.m */ = {isa = PBXFileReference; fileEncoding = 4; lastKnownFileType = sourcecode.c.objc; path = MAYBigBangViewController.m; sourceTree = "<group>"; };
		3578CF2D2181657C00D01807 /* MYPTextParse.swift */ = {isa = PBXFileReference; fileEncoding = 4; lastKnownFileType = sourcecode.swift; path = MYPTextParse.swift; sourceTree = "<group>"; };
		3578CF2E2181657D00D01807 /* Random.swift */ = {isa = PBXFileReference; fileEncoding = 4; lastKnownFileType = sourcecode.swift; path = Random.swift; sourceTree = "<group>"; };
/* End PBXFileReference section */

/* Begin PBXFrameworksBuildPhase section */
		3515F6332181623A00D737DE /* Frameworks */ = {
			isa = PBXFrameworksBuildPhase;
			buildActionMask = 2147483647;
			files = (
			);
			runOnlyForDeploymentPostprocessing = 0;
		};
		3515F6472181623D00D737DE /* Frameworks */ = {
			isa = PBXFrameworksBuildPhase;
			buildActionMask = 2147483647;
			files = (
			);
			runOnlyForDeploymentPostprocessing = 0;
		};
/* End PBXFrameworksBuildPhase section */

/* Begin PBXGroup section */
		3515F62D2181623A00D737DE = {
			isa = PBXGroup;
			children = (
				3515F6382181623B00D737DE /* TextParse */,
				3515F64D2181623D00D737DE /* TextParseTests */,
				3515F6372181623A00D737DE /* Products */,
			);
			sourceTree = "<group>";
		};
		3515F6372181623A00D737DE /* Products */ = {
			isa = PBXGroup;
			children = (
				3515F6362181623A00D737DE /* TextParse.app */,
				3515F64A2181623D00D737DE /* TextParseTests.xctest */,
			);
			name = Products;
			sourceTree = "<group>";
		};
		3515F6382181623B00D737DE /* TextParse */ = {
			isa = PBXGroup;
			children = (
				3515F6392181623B00D737DE /* AppDelegate.swift */,
				3515F63B2181623B00D737DE /* ViewController.swift */,
				353258E3240F8C1B0030965D /* BigBang */,
				3578CF2C2181657C00D01807 /* MYPTextParse */,
				3578CF2E2181657D00D01807 /* Random.swift */,
				3515F63D2181623B00D737DE /* Main.storyboard */,
				3515F6402181623C00D737DE /* Assets.xcassets */,
				3515F6422181623C00D737DE /* LaunchScreen.storyboard */,
				3515F6452181623C00D737DE /* Info.plist */,
			);
			path = TextParse;
			sourceTree = "<group>";
		};
		3515F64D2181623D00D737DE /* TextParseTests */ = {
			isa = PBXGroup;
			children = (
				3515F64E2181623D00D737DE /* TextParseTests.swift */,
				3515F6502181623D00D737DE /* Info.plist */,
			);
			path = TextParseTests;
			sourceTree = "<group>";
		};
		353258E3240F8C1B0030965D /* BigBang */ = {
			isa = PBXGroup;
			children = (
				353258E4240F8C1B0030965D /* MYPTextParseContainerController.swift */,
				353258E5240F8C1B0030965D /* MYPTextParseViewController.swift */,
				353258E6240F8C1B0030965D /* MYPFoundation.swift */,
				353258E7240F8C1B0030965D /* Source */,
				3532590C240F8C1C0030965D /* MYPTextParse.swift */,
				3532590D240F8C1C0030965D /* MAYBigBangViewController.h */,
				3532590E240F8C1C0030965D /* Then.swift */,
				3532590F240F8C1C0030965D /* MAYBigBangViewController.m */,
			);
			path = BigBang;
			sourceTree = "<group>";
		};
		353258E7240F8C1B0030965D /* Source */ = {
			isa = PBXGroup;
			children = (
				353258E8240F8C1B0030965D /* ConstraintMultiplierTarget.swift */,
				353258E9240F8C1B0030965D /* LayoutConstraintItem.swift */,
				353258EA240F8C1B0030965D /* ConstraintDescription.swift */,
				353258EB240F8C1B0030965D /* ConstraintMakerPriortizable.swift */,
				353258EC240F8C1B0030965D /* ConstraintAttributes.swift */,
				353258ED240F8C1B0030965D /* ConstraintViewDSL.swift */,
				353258EE240F8C1B0030965D /* ConstraintPriorityTarget.swift */,
				353258EF240F8C1B0030965D /* ConstraintInsets.swift */,
				353258F0240F8C1B0030965D /* ConstraintMakerFinalizable.swift */,
				353258F1240F8C1B0030965D /* ConstraintDSL.swift */,
				353258F2240F8C1B0030965D /* ConstraintMakerExtendable.swift */,
				353258F3240F8C1B0030965D /* ConstraintPriority.swift */,
				353258F4240F8C1B0030965D /* ConstraintInsetTarget.swift */,
				353258F5240F8C1B0030965D /* SnapKit.h */,
				353258F6240F8C1B0030965D /* ConstraintConfig.swift */,
				353258F7240F8C1B0030965D /* UILayoutSupport+Extensions.swift */,
				353258F8240F8C1B0030965D /* ConstraintView.swift */,
				353258F9240F8C1B0030965D /* ConstraintLayoutGuide.swift */,
				353258FA240F8C1C0030965D /* ConstraintLayoutSupport.swift */,
				353258FB240F8C1C0030965D /* Typealiases.swift */,
				353258FC240F8C1C0030965D /* ConstraintConstantTarget.swift */,
				353258FD240F8C1C0030965D /* ConstraintOffsetTarget.swift */,
				353258FE240F8C1C0030965D /* ConstraintMakerEditable.swift */,
				353258FF240F8C1C0030965D /* ConstraintMaker.swift */,
				35325900240F8C1C0030965D /* ConstraintRelation.swift */,
				35325901240F8C1C0030965D /* ConstraintLayoutGuideDSL.swift */,
				35325902240F8C1C0030965D /* ConstraintView+Extensions.swift */,
				35325903240F8C1C0030965D /* ConstraintItem.swift */,
				35325904240F8C1C0030965D /* Constraint.swift */,
				35325905240F8C1C0030965D /* Debugging.swift */,
				35325906240F8C1C0030965D /* ConstraintRelatableTarget.swift */,
				35325907240F8C1C0030965D /* Info.plist */,
				35325908240F8C1C0030965D /* LayoutConstraint.swift */,
				35325909240F8C1C0030965D /* ConstraintLayoutGuide+Extensions.swift */,
				3532590A240F8C1C0030965D /* ConstraintLayoutSupportDSL.swift */,
				3532590B240F8C1C0030965D /* ConstraintMakerRelatable.swift */,
			);
			path = Source;
			sourceTree = "<group>";
		};
		3578CF2C2181657C00D01807 /* MYPTextParse */ = {
			isa = PBXGroup;
			children = (
				3578CF2D2181657C00D01807 /* MYPTextParse.swift */,
			);
			path = MYPTextParse;
			sourceTree = "<group>";
		};
/* End PBXGroup section */

/* Begin PBXNativeTarget section */
		3515F6352181623A00D737DE /* TextParse */ = {
			isa = PBXNativeTarget;
			buildConfigurationList = 3515F6532181623D00D737DE /* Build configuration list for PBXNativeTarget "TextParse" */;
			buildPhases = (
				3515F6322181623A00D737DE /* Sources */,
				3515F6332181623A00D737DE /* Frameworks */,
				3515F6342181623A00D737DE /* Resources */,
			);
			buildRules = (
			);
			dependencies = (
			);
			name = TextParse;
			productName = TextParse;
			productReference = 3515F6362181623A00D737DE /* TextParse.app */;
			productType = "com.apple.product-type.application";
		};
		3515F6492181623D00D737DE /* TextParseTests */ = {
			isa = PBXNativeTarget;
			buildConfigurationList = 3515F6562181623D00D737DE /* Build configuration list for PBXNativeTarget "TextParseTests" */;
			buildPhases = (
				3515F6462181623D00D737DE /* Sources */,
				3515F6472181623D00D737DE /* Frameworks */,
				3515F6482181623D00D737DE /* Resources */,
			);
			buildRules = (
			);
			dependencies = (
				3515F64C2181623D00D737DE /* PBXTargetDependency */,
			);
			name = TextParseTests;
			productName = TextParseTests;
			productReference = 3515F64A2181623D00D737DE /* TextParseTests.xctest */;
			productType = "com.apple.product-type.bundle.unit-test";
		};
/* End PBXNativeTarget section */

/* Begin PBXProject section */
		3515F62E2181623A00D737DE /* Project object */ = {
			isa = PBXProject;
			attributes = {
				LastSwiftUpdateCheck = 0940;
				LastUpgradeCheck = 0940;
				ORGANIZATIONNAME = "王智刚";
				TargetAttributes = {
					3515F6352181623A00D737DE = {
						CreatedOnToolsVersion = 9.4;
					};
					3515F6492181623D00D737DE = {
						CreatedOnToolsVersion = 9.4;
						TestTargetID = 3515F6352181623A00D737DE;
					};
				};
			};
			buildConfigurationList = 3515F6312181623A00D737DE /* Build configuration list for PBXProject "TextParse" */;
			compatibilityVersion = "Xcode 9.3";
			developmentRegion = en;
			hasScannedForEncodings = 0;
			knownRegions = (
				en,
				Base,
			);
			mainGroup = 3515F62D2181623A00D737DE;
			productRefGroup = 3515F6372181623A00D737DE /* Products */;
			projectDirPath = "";
			projectRoot = "";
			targets = (
				3515F6352181623A00D737DE /* TextParse */,
				3515F6492181623D00D737DE /* TextParseTests */,
			);
		};
/* End PBXProject section */

/* Begin PBXResourcesBuildPhase section */
		3515F6342181623A00D737DE /* Resources */ = {
			isa = PBXResourcesBuildPhase;
			buildActionMask = 2147483647;
			files = (
				35325931240F8C1C0030965D /* Info.plist in Resources */,
				3515F6442181623C00D737DE /* LaunchScreen.storyboard in Resources */,
				3515F6412181623C00D737DE /* Assets.xcassets in Resources */,
				3515F63F2181623B00D737DE /* Main.storyboard in Resources */,
			);
			runOnlyForDeploymentPostprocessing = 0;
		};
		3515F6482181623D00D737DE /* Resources */ = {
			isa = PBXResourcesBuildPhase;
			buildActionMask = 2147483647;
			files = (
			);
			runOnlyForDeploymentPostprocessing = 0;
		};
/* End PBXResourcesBuildPhase section */

/* Begin PBXSourcesBuildPhase section */
		3515F6322181623A00D737DE /* Sources */ = {
			isa = PBXSourcesBuildPhase;
			buildActionMask = 2147483647;
			files = (
				35325926240F8C1C0030965D /* ConstraintConstantTarget.swift in Sources */,
				35325935240F8C1C0030965D /* ConstraintMakerRelatable.swift in Sources */,
				3578CF302181657D00D01807 /* Random.swift in Sources */,
				35325910240F8C1C0030965D /* MYPTextParseContainerController.swift in Sources */,
				3532592D240F8C1C0030965D /* ConstraintItem.swift in Sources */,
				35325934240F8C1C0030965D /* ConstraintLayoutSupportDSL.swift in Sources */,
				3532591B240F8C1C0030965D /* ConstraintMakerFinalizable.swift in Sources */,
				35325924240F8C1C0030965D /* ConstraintLayoutSupport.swift in Sources */,
				35325914240F8C1C0030965D /* LayoutConstraintItem.swift in Sources */,
				35325920240F8C1C0030965D /* ConstraintConfig.swift in Sources */,
				3532591A240F8C1C0030965D /* ConstraintInsets.swift in Sources */,
				35325921240F8C1C0030965D /* UILayoutSupport+Extensions.swift in Sources */,
				3532592F240F8C1C0030965D /* Debugging.swift in Sources */,
				35325936240F8C1C0030965D /* MYPTextParse.swift in Sources */,
				35325925240F8C1C0030965D /* Typealiases.swift in Sources */,
				35325919240F8C1C0030965D /* ConstraintPriorityTarget.swift in Sources */,
				35325929240F8C1C0030965D /* ConstraintMaker.swift in Sources */,
				35325918240F8C1C0030965D /* ConstraintViewDSL.swift in Sources */,
				3532592B240F8C1C0030965D /* ConstraintLayoutGuideDSL.swift in Sources */,
				35325912240F8C1C0030965D /* MYPFoundation.swift in Sources */,
				35325916240F8C1C0030965D /* ConstraintMakerPriortizable.swift in Sources */,
				3532591F240F8C1C0030965D /* ConstraintInsetTarget.swift in Sources */,
				35325911240F8C1C0030965D /* MYPTextParseViewController.swift in Sources */,
				35325913240F8C1C0030965D /* ConstraintMultiplierTarget.swift in Sources */,
				3515F63C2181623B00D737DE /* ViewController.swift in Sources */,
				35325938240F8C1C0030965D /* MAYBigBangViewController.m in Sources */,
				35325923240F8C1C0030965D /* ConstraintLayoutGuide.swift in Sources */,
				3578CF2F2181657D00D01807 /* MYPTextParse.swift in Sources */,
				35325932240F8C1C0030965D /* LayoutConstraint.swift in Sources */,
				3532592E240F8C1C0030965D /* Constraint.swift in Sources */,
				3532592A240F8C1C0030965D /* ConstraintRelation.swift in Sources */,
				3532592C240F8C1C0030965D /* ConstraintView+Extensions.swift in Sources */,
				35325933240F8C1C0030965D /* ConstraintLayoutGuide+Extensions.swift in Sources */,
				3532591E240F8C1C0030965D /* ConstraintPriority.swift in Sources */,
				35325922240F8C1C0030965D /* ConstraintView.swift in Sources */,
				35325930240F8C1C0030965D /* ConstraintRelatableTarget.swift in Sources */,
				35325927240F8C1C0030965D /* ConstraintOffsetTarget.swift in Sources */,
				35325937240F8C1C0030965D /* Then.swift in Sources */,
				35325917240F8C1C0030965D /* ConstraintAttributes.swift in Sources */,
				3515F63A2181623B00D737DE /* AppDelegate.swift in Sources */,
				35325915240F8C1C0030965D /* ConstraintDescription.swift in Sources */,
				3532591C240F8C1C0030965D /* ConstraintDSL.swift in Sources */,
				35325928240F8C1C0030965D /* ConstraintMakerEditable.swift in Sources */,
				3532591D240F8C1C0030965D /* ConstraintMakerExtendable.swift in Sources */,
			);
			runOnlyForDeploymentPostprocessing = 0;
		};
		3515F6462181623D00D737DE /* Sources */ = {
			isa = PBXSourcesBuildPhase;
			buildActionMask = 2147483647;
			files = (
				3515F64F2181623D00D737DE /* TextParseTests.swift in Sources */,
			);
			runOnlyForDeploymentPostprocessing = 0;
		};
/* End PBXSourcesBuildPhase section */

/* Begin PBXTargetDependency section */
		3515F64C2181623D00D737DE /* PBXTargetDependency */ = {
			isa = PBXTargetDependency;
			target = 3515F6352181623A00D737DE /* TextParse */;
			targetProxy = 3515F64B2181623D00D737DE /* PBXContainerItemProxy */;
		};
/* End PBXTargetDependency section */

/* Begin PBXVariantGroup section */
		3515F63D2181623B00D737DE /* Main.storyboard */ = {
			isa = PBXVariantGroup;
			children = (
				3515F63E2181623B00D737DE /* Base */,
			);
			name = Main.storyboard;
			sourceTree = "<group>";
		};
		3515F6422181623C00D737DE /* LaunchScreen.storyboard */ = {
			isa = PBXVariantGroup;
			children = (
				3515F6432181623C00D737DE /* Base */,
			);
			name = LaunchScreen.storyboard;
			sourceTree = "<group>";
		};
/* End PBXVariantGroup section */

/* Begin XCBuildConfiguration section */
		3515F6512181623D00D737DE /* Debug */ = {
			isa = XCBuildConfiguration;
			buildSettings = {
				ALWAYS_SEARCH_USER_PATHS = NO;
				CLANG_ANALYZER_NONNULL = YES;
				CLANG_ANALYZER_NUMBER_OBJECT_CONVERSION = YES_AGGRESSIVE;
				CLANG_CXX_LANGUAGE_STANDARD = "gnu++14";
				CLANG_CXX_LIBRARY = "libc++";
				CLANG_ENABLE_MODULES = YES;
				CLANG_ENABLE_OBJC_ARC = YES;
				CLANG_ENABLE_OBJC_WEAK = YES;
				CLANG_WARN_BLOCK_CAPTURE_AUTORELEASING = YES;
				CLANG_WARN_BOOL_CONVERSION = YES;
				CLANG_WARN_COMMA = YES;
				CLANG_WARN_CONSTANT_CONVERSION = YES;
				CLANG_WARN_DEPRECATED_OBJC_IMPLEMENTATIONS = YES;
				CLANG_WARN_DIRECT_OBJC_ISA_USAGE = YES_ERROR;
				CLANG_WARN_DOCUMENTATION_COMMENTS = YES;
				CLANG_WARN_EMPTY_BODY = YES;
				CLANG_WARN_ENUM_CONVERSION = YES;
				CLANG_WARN_INFINITE_RECURSION = YES;
				CLANG_WARN_INT_CONVERSION = YES;
				CLANG_WARN_NON_LITERAL_NULL_CONVERSION = YES;
				CLANG_WARN_OBJC_IMPLICIT_RETAIN_SELF = YES;
				CLANG_WARN_OBJC_LITERAL_CONVERSION = YES;
				CLANG_WARN_OBJC_ROOT_CLASS = YES_ERROR;
				CLANG_WARN_RANGE_LOOP_ANALYSIS = YES;
				CLANG_WARN_STRICT_PROTOTYPES = YES;
				CLANG_WARN_SUSPICIOUS_MOVE = YES;
				CLANG_WARN_UNGUARDED_AVAILABILITY = YES_AGGRESSIVE;
				CLANG_WARN_UNREACHABLE_CODE = YES;
				CLANG_WARN__DUPLICATE_METHOD_MATCH = YES;
				CODE_SIGN_IDENTITY = "iPhone Developer";
				COPY_PHASE_STRIP = NO;
				DEBUG_INFORMATION_FORMAT = dwarf;
				ENABLE_STRICT_OBJC_MSGSEND = YES;
				ENABLE_TESTABILITY = YES;
				GCC_C_LANGUAGE_STANDARD = gnu11;
				GCC_DYNAMIC_NO_PIC = NO;
				GCC_NO_COMMON_BLOCKS = YES;
				GCC_OPTIMIZATION_LEVEL = 0;
				GCC_PREPROCESSOR_DEFINITIONS = (
					"DEBUG=1",
					"$(inherited)",
				);
				GCC_WARN_64_TO_32_BIT_CONVERSION = YES;
				GCC_WARN_ABOUT_RETURN_TYPE = YES_ERROR;
				GCC_WARN_UNDECLARED_SELECTOR = YES;
				GCC_WARN_UNINITIALIZED_AUTOS = YES_AGGRESSIVE;
				GCC_WARN_UNUSED_FUNCTION = YES;
				GCC_WARN_UNUSED_VARIABLE = YES;
				IPHONEOS_DEPLOYMENT_TARGET = 11.4;
				MTL_ENABLE_DEBUG_INFO = YES;
				ONLY_ACTIVE_ARCH = YES;
				SDKROOT = iphoneos;
				SWIFT_ACTIVE_COMPILATION_CONDITIONS = DEBUG;
				SWIFT_OPTIMIZATION_LEVEL = "-Onone";
			};
			name = Debug;
		};
		3515F6522181623D00D737DE /* Release */ = {
			isa = XCBuildConfiguration;
			buildSettings = {
				ALWAYS_SEARCH_USER_PATHS = NO;
				CLANG_ANALYZER_NONNULL = YES;
				CLANG_ANALYZER_NUMBER_OBJECT_CONVERSION = YES_AGGRESSIVE;
				CLANG_CXX_LANGUAGE_STANDARD = "gnu++14";
				CLANG_CXX_LIBRARY = "libc++";
				CLANG_ENABLE_MODULES = YES;
				CLANG_ENABLE_OBJC_ARC = YES;
				CLANG_ENABLE_OBJC_WEAK = YES;
				CLANG_WARN_BLOCK_CAPTURE_AUTORELEASING = YES;
				CLANG_WARN_BOOL_CONVERSION = YES;
				CLANG_WARN_COMMA = YES;
				CLANG_WARN_CONSTANT_CONVERSION = YES;
				CLANG_WARN_DEPRECATED_OBJC_IMPLEMENTATIONS = YES;
				CLANG_WARN_DIRECT_OBJC_ISA_USAGE = YES_ERROR;
				CLANG_WARN_DOCUMENTATION_COMMENTS = YES;
				CLANG_WARN_EMPTY_BODY = YES;
				CLANG_WARN_ENUM_CONVERSION = YES;
				CLANG_WARN_INFINITE_RECURSION = YES;
				CLANG_WARN_INT_CONVERSION = YES;
				CLANG_WARN_NON_LITERAL_NULL_CONVERSION = YES;
				CLANG_WARN_OBJC_IMPLICIT_RETAIN_SELF = YES;
				CLANG_WARN_OBJC_LITERAL_CONVERSION = YES;
				CLANG_WARN_OBJC_ROOT_CLASS = YES_ERROR;
				CLANG_WARN_RANGE_LOOP_ANALYSIS = YES;
				CLANG_WARN_STRICT_PROTOTYPES = YES;
				CLANG_WARN_SUSPICIOUS_MOVE = YES;
				CLANG_WARN_UNGUARDED_AVAILABILITY = YES_AGGRESSIVE;
				CLANG_WARN_UNREACHABLE_CODE = YES;
				CLANG_WARN__DUPLICATE_METHOD_MATCH = YES;
				CODE_SIGN_IDENTITY = "iPhone Developer";
				COPY_PHASE_STRIP = NO;
				DEBUG_INFORMATION_FORMAT = "dwarf-with-dsym";
				ENABLE_NS_ASSERTIONS = NO;
				ENABLE_STRICT_OBJC_MSGSEND = YES;
				GCC_C_LANGUAGE_STANDARD = gnu11;
				GCC_NO_COMMON_BLOCKS = YES;
				GCC_WARN_64_TO_32_BIT_CONVERSION = YES;
				GCC_WARN_ABOUT_RETURN_TYPE = YES_ERROR;
				GCC_WARN_UNDECLARED_SELECTOR = YES;
				GCC_WARN_UNINITIALIZED_AUTOS = YES_AGGRESSIVE;
				GCC_WARN_UNUSED_FUNCTION = YES;
				GCC_WARN_UNUSED_VARIABLE = YES;
				IPHONEOS_DEPLOYMENT_TARGET = 11.4;
				MTL_ENABLE_DEBUG_INFO = NO;
				SDKROOT = iphoneos;
				SWIFT_COMPILATION_MODE = wholemodule;
				SWIFT_OPTIMIZATION_LEVEL = "-O";
				VALIDATE_PRODUCT = YES;
			};
			name = Release;
		};
		3515F6542181623D00D737DE /* Debug */ = {
			isa = XCBuildConfiguration;
			buildSettings = {
				ASSETCATALOG_COMPILER_APPICON_NAME = AppIcon;
				CODE_SIGN_STYLE = Automatic;
				DEVELOPMENT_TEAM = ANV3YKEKP6;
				INFOPLIST_FILE = TextParse/Info.plist;
				LD_RUNPATH_SEARCH_PATHS = (
					"$(inherited)",
					"@executable_path/Frameworks",
				);
				PRODUCT_BUNDLE_IDENTIFIER = com.test.123.TextParse;
				PRODUCT_NAME = "$(TARGET_NAME)";
				SWIFT_VERSION = 4.0;
				TARGETED_DEVICE_FAMILY = "1,2";
			};
			name = Debug;
		};
		3515F6552181623D00D737DE /* Release */ = {
			isa = XCBuildConfiguration;
			buildSettings = {
				ASSETCATALOG_COMPILER_APPICON_NAME = AppIcon;
				CODE_SIGN_STYLE = Automatic;
				DEVELOPMENT_TEAM = ANV3YKEKP6;
				INFOPLIST_FILE = TextParse/Info.plist;
				LD_RUNPATH_SEARCH_PATHS = (
					"$(inherited)",
					"@executable_path/Frameworks",
				);
				PRODUCT_BUNDLE_IDENTIFIER = com.test.123.TextParse;
				PRODUCT_NAME = "$(TARGET_NAME)";
				SWIFT_VERSION = 4.0;
				TARGETED_DEVICE_FAMILY = "1,2";
			};
			name = Release;
		};
		3515F6572181623D00D737DE /* Debug */ = {
			isa = XCBuildConfiguration;
			buildSettings = {
				ALWAYS_EMBED_SWIFT_STANDARD_LIBRARIES = YES;
				BUNDLE_LOADER = "$(TEST_HOST)";
				CODE_SIGN_STYLE = Automatic;
				DEVELOPMENT_TEAM = ANV3YKEKP6;
				INFOPLIST_FILE = TextParseTests/Info.plist;
				LD_RUNPATH_SEARCH_PATHS = (
					"$(inherited)",
					"@executable_path/Frameworks",
					"@loader_path/Frameworks",
				);
				PRODUCT_BUNDLE_IDENTIFIER = com.test.123.TextParseTests;
				PRODUCT_NAME = "$(TARGET_NAME)";
				SWIFT_VERSION = 4.0;
				TARGETED_DEVICE_FAMILY = "1,2";
				TEST_HOST = "$(BUILT_PRODUCTS_DIR)/TextParse.app/TextParse";
			};
			name = Debug;
		};
		3515F6582181623D00D737DE /* Release */ = {
			isa = XCBuildConfiguration;
			buildSettings = {
				ALWAYS_EMBED_SWIFT_STANDARD_LIBRARIES = YES;
				BUNDLE_LOADER = "$(TEST_HOST)";
				CODE_SIGN_STYLE = Automatic;
				DEVELOPMENT_TEAM = ANV3YKEKP6;
				INFOPLIST_FILE = TextParseTests/Info.plist;
				LD_RUNPATH_SEARCH_PATHS = (
					"$(inherited)",
					"@executable_path/Frameworks",
					"@loader_path/Frameworks",
				);
				PRODUCT_BUNDLE_IDENTIFIER = com.test.123.TextParseTests;
				PRODUCT_NAME = "$(TARGET_NAME)";
				SWIFT_VERSION = 4.0;
				TARGETED_DEVICE_FAMILY = "1,2";
				TEST_HOST = "$(BUILT_PRODUCTS_DIR)/TextParse.app/TextParse";
			};
			name = Release;
		};
/* End XCBuildConfiguration section */

/* Begin XCConfigurationList section */
		3515F6312181623A00D737DE /* Build configuration list for PBXProject "TextParse" */ = {
			isa = XCConfigurationList;
			buildConfigurations = (
				3515F6512181623D00D737DE /* Debug */,
				3515F6522181623D00D737DE /* Release */,
			);
			defaultConfigurationIsVisible = 0;
			defaultConfigurationName = Release;
		};
		3515F6532181623D00D737DE /* Build configuration list for PBXNativeTarget "TextParse" */ = {
			isa = XCConfigurationList;
			buildConfigurations = (
				3515F6542181623D00D737DE /* Debug */,
				3515F6552181623D00D737DE /* Release */,
			);
			defaultConfigurationIsVisible = 0;
			defaultConfigurationName = Release;
		};
		3515F6562181623D00D737DE /* Build configuration list for PBXNativeTarget "TextParseTests" */ = {
			isa = XCConfigurationList;
			buildConfigurations = (
				3515F6572181623D00D737DE /* Debug */,
				3515F6582181623D00D737DE /* Release */,
			);
			defaultConfigurationIsVisible = 0;
			defaultConfigurationName = Release;
		};
/* End XCConfigurationList section */
	};
	rootObject = 3515F62E2181623A00D737DE /* Project object */;
}
