// !$*UTF8*$!
{
	archiveVersion = 1;
	classes = {
	};
	objectVersion = 50;
	objects = {

/* Begin PBXBuildFile section */
		3515F63A2181623B00D737DE /* AppDelegate.swift in Sources */ = {isa = PBXBuildFile; fileRef = 3515F6392181623B00D737DE /* AppDelegate.swift */; };
		3515F63C2181623B00D737DE /* ViewController.swift in Sources */ = {isa = PBXBuildFile; fileRef = 3515F63B2181623B00D737DE /* ViewController.swift */; };
		3515F63F2181623B00D737DE /* Main.storyboard in Resources */ = {isa = PBXBuildFile; fileRef = 3515F63D2181623B00D737DE /* Main.storyboard */; };
		3515F6412181623C00D737DE /* Assets.xcassets in Resources */ = {isa = PBXBuildFile; fileRef = 3515F6402181623C00D737DE /* Assets.xcassets */; };
		3515F6442181623C00D737DE /* LaunchScreen.storyboard in Resources */ = {isa = PBXBuildFile; fileRef = 3515F6422181623C00D737DE /* LaunchScreen.storyboard */; };
		3515F64F2181623D00D737DE /* TextParseTests.swift in Sources */ = {isa = PBXBuildFile; fileRef = 3515F64E2181623D00D737DE /* TextParseTests.swift */; };
		3578CF2F2181657D00D01807 /* MYPTextParse.swift in Sources */ = {isa = PBXBuildFile; fileRef = 3578CF2D2181657C00D01807 /* MYPTextParse.swift */; };
		3578CF302181657D00D01807 /* Random.swift in Sources */ = {isa = PBXBuildFile; fileRef = 3578CF2E2181657D00D01807 /* Random.swift */; };
/* End PBXBuildFile section */

/* Begin PBXContainerItemProxy section */
		3515F64B2181623D00D737DE /* PBXContainerItemProxy */ = {
			isa = PBXContainerItemProxy;
			containerPortal = 3515F62E2181623A00D737DE /* Project object */;
			proxyType = 1;
			remoteGlobalIDString = 3515F6352181623A00D737DE;
			remoteInfo = TextParse;
		};
/* End PBXContainerItemProxy section */

/* Begin PBXFileReference section */
		3515F6362181623A00D737DE /* TextParse.app */ = {isa = PBXFileReference; explicitFileType = wrapper.application; includeInIndex = 0; path = TextParse.app; sourceTree = BUILT_PRODUCTS_DIR; };
		3515F6392181623B00D737DE /* AppDelegate.swift */ = {isa = PBXFileReference; lastKnownFileType = sourcecode.swift; path = AppDelegate.swift; sourceTree = "<group>"; };
		3515F63B2181623B00D737DE /* ViewController.swift */ = {isa = PBXFileReference; lastKnownFileType = sourcecode.swift; path = ViewController.swift; sourceTree = "<group>"; };
		3515F63E2181623B00D737DE /* Base */ = {isa = PBXFileReference; lastKnownFileType = file.storyboard; name = Base; path = Base.lproj/Main.storyboard; sourceTree = "<group>"; };
		3515F6402181623C00D737DE /* Assets.xcassets */ = {isa = PBXFileReference; lastKnownFileType = folder.assetcatalog; path = Assets.xcassets; sourceTree = "<group>"; };
		3515F6432181623C00D737DE /* Base */ = {isa = PBXFileReference; lastKnownFileType = file.storyboard; name = Base; path = Base.lproj/LaunchScreen.storyboard; sourceTree = "<group>"; };
		3515F6452181623C00D737DE /* Info.plist */ = {isa = PBXFileReference; lastKnownFileType = text.plist.xml; path = Info.plist; sourceTree = "<group>"; };
		3515F64A2181623D00D737DE /* TextParseTests.xctest */ = {isa = PBXFileReference; explicitFileType = wrapper.cfbundle; includeInIndex = 0; path = TextParseTests.xctest; sourceTree = BUILT_PRODUCTS_DIR; };
		3515F64E2181623D00D737DE /* TextParseTests.swift */ = {isa = PBXFileReference; lastKnownFileType = sourcecode.swift; path = TextParseTests.swift; sourceTree = "<group>"; };
		3515F6502181623D00D737DE /* Info.plist */ = {isa = PBXFileReference; lastKnownFileType = text.plist.xml; path = Info.plist; sourceTree = "<group>"; };
		3578CF2D2181657C00D01807 /* MYPTextParse.swift */ = {isa = PBXFileReference; fileEncoding = 4; lastKnownFileType = sourcecode.swift; path = MYPTextParse.swift; sourceTree = "<group>"; };
		3578CF2E2181657D00D01807 /* Random.swift */ = {isa = PBXFileReference; fileEncoding = 4; lastKnownFileType = sourcecode.swift; path = Random.swift; sourceTree = "<group>"; };
/* End PBXFileReference section */

/* Begin PBXFrameworksBuildPhase section */
		3515F6332181623A00D737DE /* Frameworks */ = {
			isa = PBXFrameworksBuildPhase;
			buildActionMask = 2147483647;
			files = (
			);
			runOnlyForDeploymentPostprocessing = 0;
		};
		3515F6472181623D00D737DE /* Frameworks */ = {
			isa = PBXFrameworksBuildPhase;
			buildActionMask = 2147483647;
			files = (
			);
			runOnlyForDeploymentPostprocessing = 0;
		};
/* End PBXFrameworksBuildPhase section */

/* Begin PBXGroup section */
		3515F62D2181623A00D737DE = {
			isa = PBXGroup;
			children = (
				3515F6382181623B00D737DE /* TextParse */,
				3515F64D2181623D00D737DE /* TextParseTests */,
				3515F6372181623A00D737DE /* Products */,
			);
			sourceTree = "<group>";
		};
		3515F6372181623A00D737DE /* Products */ = {
			isa = PBXGroup;
			children = (
				3515F6362181623A00D737DE /* TextParse.app */,
				3515F64A2181623D00D737DE /* TextParseTests.xctest */,
			);
			name = Products;
			sourceTree = "<group>";
		};
		3515F6382181623B00D737DE /* TextParse */ = {
			isa = PBXGroup;
			children = (
				3515F6392181623B00D737DE /* AppDelegate.swift */,
				3515F63B2181623B00D737DE /* ViewController.swift */,
				3578CF2C2181657C00D01807 /* MYPTextParse */,
				3578CF2E2181657D00D01807 /* Random.swift */,
				3515F63D2181623B00D737DE /* Main.storyboard */,
				3515F6402181623C00D737DE /* Assets.xcassets */,
				3515F6422181623C00D737DE /* LaunchScreen.storyboard */,
				3515F6452181623C00D737DE /* Info.plist */,
			);
			path = TextParse;
			sourceTree = "<group>";
		};
		3515F64D2181623D00D737DE /* TextParseTests */ = {
			isa = PBXGroup;
			children = (
				3515F64E2181623D00D737DE /* TextParseTests.swift */,
				3515F6502181623D00D737DE /* Info.plist */,
			);
			path = TextParseTests;
			sourceTree = "<group>";
		};
		3578CF2C2181657C00D01807 /* MYPTextParse */ = {
			isa = PBXGroup;
			children = (
				3578CF2D2181657C00D01807 /* MYPTextParse.swift */,
			);
			path = MYPTextParse;
			sourceTree = "<group>";
		};
/* End PBXGroup section */

/* Begin PBXNativeTarget section */
		3515F6352181623A00D737DE /* TextParse */ = {
			isa = PBXNativeTarget;
			buildConfigurationList = 3515F6532181623D00D737DE /* Build configuration list for PBXNativeTarget "TextParse" */;
			buildPhases = (
				3515F6322181623A00D737DE /* Sources */,
				3515F6332181623A00D737DE /* Frameworks */,
				3515F6342181623A00D737DE /* Resources */,
			);
			buildRules = (
			);
			dependencies = (
			);
			name = TextParse;
			productName = TextParse;
			productReference = 3515F6362181623A00D737DE /* TextParse.app */;
			productType = "com.apple.product-type.application";
		};
		3515F6492181623D00D737DE /* TextParseTests */ = {
			isa = PBXNativeTarget;
			buildConfigurationList = 3515F6562181623D00D737DE /* Build configuration list for PBXNativeTarget "TextParseTests" */;
			buildPhases = (
				3515F6462181623D00D737DE /* Sources */,
				3515F6472181623D00D737DE /* Frameworks */,
				3515F6482181623D00D737DE /* Resources */,
			);
			buildRules = (
			);
			dependencies = (
				3515F64C2181623D00D737DE /* PBXTargetDependency */,
			);
			name = TextParseTests;
			productName = TextParseTests;
			productReference = 3515F64A2181623D00D737DE /* TextParseTests.xctest */;
			productType = "com.apple.product-type.bundle.unit-test";
		};
/* End PBXNativeTarget section */

/* Begin PBXProject section */
		3515F62E2181623A00D737DE /* Project object */ = {
			isa = PBXProject;
			attributes = {
				LastSwiftUpdateCheck = 0940;
				LastUpgradeCheck = 0940;
				ORGANIZATIONNAME = "王智刚";
				TargetAttributes = {
					3515F6352181623A00D737DE = {
						CreatedOnToolsVersion = 9.4;
					};
					3515F6492181623D00D737DE = {
						CreatedOnToolsVersion = 9.4;
						TestTargetID = 3515F6352181623A00D737DE;
					};
				};
			};
			buildConfigurationList = 3515F6312181623A00D737DE /* Build configuration list for PBXProject "TextParse" */;
			compatibilityVersion = "Xcode 9.3";
			developmentRegion = en;
			hasScannedForEncodings = 0;
			knownRegions = (
				en,
				Base,
			);
			mainGroup = 3515F62D2181623A00D737DE;
			productRefGroup = 3515F6372181623A00D737DE /* Products */;
			projectDirPath = "";
			projectRoot = "";
			targets = (
				3515F6352181623A00D737DE /* TextParse */,
				3515F6492181623D00D737DE /* TextParseTests */,
			);
		};
/* End PBXProject section */

/* Begin PBXResourcesBuildPhase section */
		3515F6342181623A00D737DE /* Resources */ = {
			isa = PBXResourcesBuildPhase;
			buildActionMask = 2147483647;
			files = (
				3515F6442181623C00D737DE /* LaunchScreen.storyboard in Resources */,
				3515F6412181623C00D737DE /* Assets.xcassets in Resources */,
				3515F63F2181623B00D737DE /* Main.storyboard in Resources */,
			);
			runOnlyForDeploymentPostprocessing = 0;
		};
		3515F6482181623D00D737DE /* Resources */ = {
			isa = PBXResourcesBuildPhase;
			buildActionMask = 2147483647;
			files = (
			);
			runOnlyForDeploymentPostprocessing = 0;
		};
/* End PBXResourcesBuildPhase section */

/* Begin PBXSourcesBuildPhase section */
		3515F6322181623A00D737DE /* Sources */ = {
			isa = PBXSourcesBuildPhase;
			buildActionMask = 2147483647;
			files = (
				3578CF302181657D00D01807 /* Random.swift in Sources */,
				3515F63C2181623B00D737DE /* ViewController.swift in Sources */,
				3578CF2F2181657D00D01807 /* MYPTextParse.swift in Sources */,
				3515F63A2181623B00D737DE /* AppDelegate.swift in Sources */,
			);
			runOnlyForDeploymentPostprocessing = 0;
		};
		3515F6462181623D00D737DE /* Sources */ = {
			isa = PBXSourcesBuildPhase;
			buildActionMask = 2147483647;
			files = (
				3515F64F2181623D00D737DE /* TextParseTests.swift in Sources */,
			);
			runOnlyForDeploymentPostprocessing = 0;
		};
/* End PBXSourcesBuildPhase section */

/* Begin PBXTargetDependency section */
		3515F64C2181623D00D737DE /* PBXTargetDependency */ = {
			isa = PBXTargetDependency;
			target = 3515F6352181623A00D737DE /* TextParse */;
			targetProxy = 3515F64B2181623D00D737DE /* PBXContainerItemProxy */;
		};
/* End PBXTargetDependency section */

/* Begin PBXVariantGroup section */
		3515F63D2181623B00D737DE /* Main.storyboard */ = {
			isa = PBXVariantGroup;
			children = (
				3515F63E2181623B00D737DE /* Base */,
			);
			name = Main.storyboard;
			sourceTree = "<group>";
		};
		3515F6422181623C00D737DE /* LaunchScreen.storyboard */ = {
			isa = PBXVariantGroup;
			children = (
				3515F6432181623C00D737DE /* Base */,
			);
			name = LaunchScreen.storyboard;
			sourceTree = "<group>";
		};
/* End PBXVariantGroup section */

/* Begin XCBuildConfiguration section */
		3515F6512181623D00D737DE /* Debug */ = {
			isa = XCBuildConfiguration;
			buildSettings = {
				ALWAYS_SEARCH_USER_PATHS = NO;
				CLANG_ANALYZER_NONNULL = YES;
				CLANG_ANALYZER_NUMBER_OBJECT_CONVERSION = YES_AGGRESSIVE;
				CLANG_CXX_LANGUAGE_STANDARD = "gnu++14";
				CLANG_CXX_LIBRARY = "libc++";
				CLANG_ENABLE_MODULES = YES;
				CLANG_ENABLE_OBJC_ARC = YES;
				CLANG_ENABLE_OBJC_WEAK = YES;
				CLANG_WARN_BLOCK_CAPTURE_AUTORELEASING = YES;
				CLANG_WARN_BOOL_CONVERSION = YES;
				CLANG_WARN_COMMA = YES;
				CLANG_WARN_CONSTANT_CONVERSION = YES;
				CLANG_WARN_DEPRECATED_OBJC_IMPLEMENTATIONS = YES;
				CLANG_WARN_DIRECT_OBJC_ISA_USAGE = YES_ERROR;
				CLANG_WARN_DOCUMENTATION_COMMENTS = YES;
				CLANG_WARN_EMPTY_BODY = YES;
				CLANG_WARN_ENUM_CONVERSION = YES;
				CLANG_WARN_INFINITE_RECURSION = YES;
				CLANG_WARN_INT_CONVERSION = YES;
				CLANG_WARN_NON_LITERAL_NULL_CONVERSION = YES;
				CLANG_WARN_OBJC_IMPLICIT_RETAIN_SELF = YES;
				CLANG_WARN_OBJC_LITERAL_CONVERSION = YES;
				CLANG_WARN_OBJC_ROOT_CLASS = YES_ERROR;
				CLANG_WARN_RANGE_LOOP_ANALYSIS = YES;
				CLANG_WARN_STRICT_PROTOTYPES = YES;
				CLANG_WARN_SUSPICIOUS_MOVE = YES;
				CLANG_WARN_UNGUARDED_AVAILABILITY = YES_AGGRESSIVE;
				CLANG_WARN_UNREACHABLE_CODE = YES;
				CLANG_WARN__DUPLICATE_METHOD_MATCH = YES;
				CODE_SIGN_IDENTITY = "iPhone Developer";
				COPY_PHASE_STRIP = NO;
				DEBUG_INFORMATION_FORMAT = dwarf;
				ENABLE_STRICT_OBJC_MSGSEND = YES;
				ENABLE_TESTABILITY = YES;
				GCC_C_LANGUAGE_STANDARD = gnu11;
				GCC_DYNAMIC_NO_PIC = NO;
				GCC_NO_COMMON_BLOCKS = YES;
				GCC_OPTIMIZATION_LEVEL = 0;
				GCC_PREPROCESSOR_DEFINITIONS = (
					"DEBUG=1",
					"$(inherited)",
				);
				GCC_WARN_64_TO_32_BIT_CONVERSION = YES;
				GCC_WARN_ABOUT_RETURN_TYPE = YES_ERROR;
				GCC_WARN_UNDECLARED_SELECTOR = YES;
				GCC_WARN_UNINITIALIZED_AUTOS = YES_AGGRESSIVE;
				GCC_WARN_UNUSED_FUNCTION = YES;
				GCC_WARN_UNUSED_VARIABLE = YES;
				IPHONEOS_DEPLOYMENT_TARGET = 11.4;
				MTL_ENABLE_DEBUG_INFO = YES;
				ONLY_ACTIVE_ARCH = YES;
				SDKROOT = iphoneos;
				SWIFT_ACTIVE_COMPILATION_CONDITIONS = DEBUG;
				SWIFT_OPTIMIZATION_LEVEL = "-Onone";
			};
			name = Debug;
		};
		3515F6522181623D00D737DE /* Release */ = {
			isa = XCBuildConfiguration;
			buildSettings = {
				ALWAYS_SEARCH_USER_PATHS = NO;
				CLANG_ANALYZER_NONNULL = YES;
				CLANG_ANALYZER_NUMBER_OBJECT_CONVERSION = YES_AGGRESSIVE;
				CLANG_CXX_LANGUAGE_STANDARD = "gnu++14";
				CLANG_CXX_LIBRARY = "libc++";
				CLANG_ENABLE_MODULES = YES;
				CLANG_ENABLE_OBJC_ARC = YES;
				CLANG_ENABLE_OBJC_WEAK = YES;
				CLANG_WARN_BLOCK_CAPTURE_AUTORELEASING = YES;
				CLANG_WARN_BOOL_CONVERSION = YES;
				CLANG_WARN_COMMA = YES;
				CLANG_WARN_CONSTANT_CONVERSION = YES;
				CLANG_WARN_DEPRECATED_OBJC_IMPLEMENTATIONS = YES;
				CLANG_WARN_DIRECT_OBJC_ISA_USAGE = YES_ERROR;
				CLANG_WARN_DOCUMENTATION_COMMENTS = YES;
				CLANG_WARN_EMPTY_BODY = YES;
				CLANG_WARN_ENUM_CONVERSION = YES;
				CLANG_WARN_INFINITE_RECURSION = YES;
				CLANG_WARN_INT_CONVERSION = YES;
				CLANG_WARN_NON_LITERAL_NULL_CONVERSION = YES;
				CLANG_WARN_OBJC_IMPLICIT_RETAIN_SELF = YES;
				CLANG_WARN_OBJC_LITERAL_CONVERSION = YES;
				CLANG_WARN_OBJC_ROOT_CLASS = YES_ERROR;
				CLANG_WARN_RANGE_LOOP_ANALYSIS = YES;
				CLANG_WARN_STRICT_PROTOTYPES = YES;
				CLANG_WARN_SUSPICIOUS_MOVE = YES;
				CLANG_WARN_UNGUARDED_AVAILABILITY = YES_AGGRESSIVE;
				CLANG_WARN_UNREACHABLE_CODE = YES;
				CLANG_WARN__DUPLICATE_METHOD_MATCH = YES;
				CODE_SIGN_IDENTITY = "iPhone Developer";
				COPY_PHASE_STRIP = NO;
				DEBUG_INFORMATION_FORMAT = "dwarf-with-dsym";
				ENABLE_NS_ASSERTIONS = NO;
				ENABLE_STRICT_OBJC_MSGSEND = YES;
				GCC_C_LANGUAGE_STANDARD = gnu11;
				GCC_NO_COMMON_BLOCKS = YES;
				GCC_WARN_64_TO_32_BIT_CONVERSION = YES;
				GCC_WARN_ABOUT_RETURN_TYPE = YES_ERROR;
				GCC_WARN_UNDECLARED_SELECTOR = YES;
				GCC_WARN_UNINITIALIZED_AUTOS = YES_AGGRESSIVE;
				GCC_WARN_UNUSED_FUNCTION = YES;
				GCC_WARN_UNUSED_VARIABLE = YES;
				IPHONEOS_DEPLOYMENT_TARGET = 11.4;
				MTL_ENABLE_DEBUG_INFO = NO;
				SDKROOT = iphoneos;
				SWIFT_COMPILATION_MODE = wholemodule;
				SWIFT_OPTIMIZATION_LEVEL = "-O";
				VALIDATE_PRODUCT = YES;
			};
			name = Release;
		};
		3515F6542181623D00D737DE /* Debug */ = {
			isa = XCBuildConfiguration;
			buildSettings = {
				ASSETCATALOG_COMPILER_APPICON_NAME = AppIcon;
				CODE_SIGN_STYLE = Automatic;
				DEVELOPMENT_TEAM = ANV3YKEKP6;
				INFOPLIST_FILE = TextParse/Info.plist;
				LD_RUNPATH_SEARCH_PATHS = (
					"$(inherited)",
					"@executable_path/Frameworks",
				);
				PRODUCT_BUNDLE_IDENTIFIER = com.test.123.TextParse;
				PRODUCT_NAME = "$(TARGET_NAME)";
				SWIFT_VERSION = 4.0;
				TARGETED_DEVICE_FAMILY = "1,2";
			};
			name = Debug;
		};
		3515F6552181623D00D737DE /* Release */ = {
			isa = XCBuildConfiguration;
			buildSettings = {
				ASSETCATALOG_COMPILER_APPICON_NAME = AppIcon;
				CODE_SIGN_STYLE = Automatic;
				DEVELOPMENT_TEAM = ANV3YKEKP6;
				INFOPLIST_FILE = TextParse/Info.plist;
				LD_RUNPATH_SEARCH_PATHS = (
					"$(inherited)",
					"@executable_path/Frameworks",
				);
				PRODUCT_BUNDLE_IDENTIFIER = com.test.123.TextParse;
				PRODUCT_NAME = "$(TARGET_NAME)";
				SWIFT_VERSION = 4.0;
				TARGETED_DEVICE_FAMILY = "1,2";
			};
			name = Release;
		};
		3515F6572181623D00D737DE /* Debug */ = {
			isa = XCBuildConfiguration;
			buildSettings = {
				ALWAYS_EMBED_SWIFT_STANDARD_LIBRARIES = YES;
				BUNDLE_LOADER = "$(TEST_HOST)";
				CODE_SIGN_STYLE = Automatic;
				DEVELOPMENT_TEAM = ANV3YKEKP6;
				INFOPLIST_FILE = TextParseTests/Info.plist;
				LD_RUNPATH_SEARCH_PATHS = (
					"$(inherited)",
					"@executable_path/Frameworks",
					"@loader_path/Frameworks",
				);
				PRODUCT_BUNDLE_IDENTIFIER = com.test.123.TextParseTests;
				PRODUCT_NAME = "$(TARGET_NAME)";
				SWIFT_VERSION = 4.0;
				TARGETED_DEVICE_FAMILY = "1,2";
				TEST_HOST = "$(BUILT_PRODUCTS_DIR)/TextParse.app/TextParse";
			};
			name = Debug;
		};
		3515F6582181623D00D737DE /* Release */ = {
			isa = XCBuildConfiguration;
			buildSettings = {
				ALWAYS_EMBED_SWIFT_STANDARD_LIBRARIES = YES;
				BUNDLE_LOADER = "$(TEST_HOST)";
				CODE_SIGN_STYLE = Automatic;
				DEVELOPMENT_TEAM = ANV3YKEKP6;
				INFOPLIST_FILE = TextParseTests/Info.plist;
				LD_RUNPATH_SEARCH_PATHS = (
					"$(inherited)",
					"@executable_path/Frameworks",
					"@loader_path/Frameworks",
				);
				PRODUCT_BUNDLE_IDENTIFIER = com.test.123.TextParseTests;
				PRODUCT_NAME = "$(TARGET_NAME)";
				SWIFT_VERSION = 4.0;
				TARGETED_DEVICE_FAMILY = "1,2";
				TEST_HOST = "$(BUILT_PRODUCTS_DIR)/TextParse.app/TextParse";
			};
			name = Release;
		};
/* End XCBuildConfiguration section */

/* Begin XCConfigurationList section */
		3515F6312181623A00D737DE /* Build configuration list for PBXProject "TextParse" */ = {
			isa = XCConfigurationList;
			buildConfigurations = (
				3515F6512181623D00D737DE /* Debug */,
				3515F6522181623D00D737DE /* Release */,
			);
			defaultConfigurationIsVisible = 0;
			defaultConfigurationName = Release;
		};
		3515F6532181623D00D737DE /* Build configuration list for PBXNativeTarget "TextParse" */ = {
			isa = XCConfigurationList;
			buildConfigurations = (
				3515F6542181623D00D737DE /* Debug */,
				3515F6552181623D00D737DE /* Release */,
			);
			defaultConfigurationIsVisible = 0;
			defaultConfigurationName = Release;
		};
		3515F6562181623D00D737DE /* Build configuration list for PBXNativeTarget "TextParseTests" */ = {
			isa = XCConfigurationList;
			buildConfigurations = (
				3515F6572181623D00D737DE /* Debug */,
				3515F6582181623D00D737DE /* Release */,
			);
			defaultConfigurationIsVisible = 0;
			defaultConfigurationName = Release;
		};
/* End XCConfigurationList section */
	};
	rootObject = 3515F62E2181623A00D737DE /* Project object */;
}
