// !$*UTF8*$!
{
	archiveVersion = 1;
	classes = {
	};
	objectVersion = 48;
	objects = {

/* Begin PBXBuildFile section */
		355D3E381F7B956C003F3110 /* AppDelegate.swift in Sources */ = {isa = PBXBuildFile; fileRef = 355D3E371F7B956C003F3110 /* AppDelegate.swift */; };
		355D3E3A1F7B956C003F3110 /* ViewController.swift in Sources */ = {isa = PBXBuildFile; fileRef = 355D3E391F7B956C003F3110 /* ViewController.swift */; };
		355D3E3D1F7B956C003F3110 /* Main.storyboard in Resources */ = {isa = PBXBuildFile; fileRef = 355D3E3B1F7B956C003F3110 /* Main.storyboard */; };
		355D3E3F1F7B956C003F3110 /* Assets.xcassets in Resources */ = {isa = PBXBuildFile; fileRef = 355D3E3E1F7B956C003F3110 /* Assets.xcassets */; };
		355D3E421F7B956C003F3110 /* LaunchScreen.storyboard in Resources */ = {isa = PBXBuildFile; fileRef = 355D3E401F7B956C003F3110 /* LaunchScreen.storyboard */; };
		355D3E4D1F7B956C003F3110 /* DataDrivenTests.swift in Sources */ = {isa = PBXBuildFile; fileRef = 355D3E4C1F7B956C003F3110 /* DataDrivenTests.swift */; };
/* End PBXBuildFile section */

/* Begin PBXContainerItemProxy section */
		355D3E491F7B956C003F3110 /* PBXContainerItemProxy */ = {
			isa = PBXContainerItemProxy;
			containerPortal = 355D3E2C1F7B956C003F3110 /* Project object */;
			proxyType = 1;
			remoteGlobalIDString = 355D3E331F7B956C003F3110;
			remoteInfo = DataDriven;
		};
/* End PBXContainerItemProxy section */

/* Begin PBXFileReference section */
		355D3E341F7B956C003F3110 /* DataDriven.app */ = {isa = PBXFileReference; explicitFileType = wrapper.application; includeInIndex = 0; path = DataDriven.app; sourceTree = BUILT_PRODUCTS_DIR; };
		355D3E371F7B956C003F3110 /* AppDelegate.swift */ = {isa = PBXFileReference; lastKnownFileType = sourcecode.swift; path = AppDelegate.swift; sourceTree = "<group>"; };
		355D3E391F7B956C003F3110 /* ViewController.swift */ = {isa = PBXFileReference; lastKnownFileType = sourcecode.swift; path = ViewController.swift; sourceTree = "<group>"; };
		355D3E3C1F7B956C003F3110 /* Base */ = {isa = PBXFileReference; lastKnownFileType = file.storyboard; name = Base; path = Base.lproj/Main.storyboard; sourceTree = "<group>"; };
		355D3E3E1F7B956C003F3110 /* Assets.xcassets */ = {isa = PBXFileReference; lastKnownFileType = folder.assetcatalog; path = Assets.xcassets; sourceTree = "<group>"; };
		355D3E411F7B956C003F3110 /* Base */ = {isa = PBXFileReference; lastKnownFileType = file.storyboard; name = Base; path = Base.lproj/LaunchScreen.storyboard; sourceTree = "<group>"; };
		355D3E431F7B956C003F3110 /* Info.plist */ = {isa = PBXFileReference; lastKnownFileType = text.plist.xml; path = Info.plist; sourceTree = "<group>"; };
		355D3E481F7B956C003F3110 /* DataDrivenTests.xctest */ = {isa = PBXFileReference; explicitFileType = wrapper.cfbundle; includeInIndex = 0; path = DataDrivenTests.xctest; sourceTree = BUILT_PRODUCTS_DIR; };
		355D3E4C1F7B956C003F3110 /* DataDrivenTests.swift */ = {isa = PBXFileReference; lastKnownFileType = sourcecode.swift; path = DataDrivenTests.swift; sourceTree = "<group>"; };
		355D3E4E1F7B956C003F3110 /* Info.plist */ = {isa = PBXFileReference; lastKnownFileType = text.plist.xml; path = Info.plist; sourceTree = "<group>"; };
/* End PBXFileReference section */

/* Begin PBXFrameworksBuildPhase section */
		355D3E311F7B956C003F3110 /* Frameworks */ = {
			isa = PBXFrameworksBuildPhase;
			buildActionMask = 2147483647;
			files = (
			);
			runOnlyForDeploymentPostprocessing = 0;
		};
		355D3E451F7B956C003F3110 /* Frameworks */ = {
			isa = PBXFrameworksBuildPhase;
			buildActionMask = 2147483647;
			files = (
			);
			runOnlyForDeploymentPostprocessing = 0;
		};
/* End PBXFrameworksBuildPhase section */

/* Begin PBXGroup section */
		355D3E2B1F7B956C003F3110 = {
			isa = PBXGroup;
			children = (
				355D3E361F7B956C003F3110 /* DataDriven */,
				355D3E4B1F7B956C003F3110 /* DataDrivenTests */,
				355D3E351F7B956C003F3110 /* Products */,
			);
			sourceTree = "<group>";
		};
		355D3E351F7B956C003F3110 /* Products */ = {
			isa = PBXGroup;
			children = (
				355D3E341F7B956C003F3110 /* DataDriven.app */,
				355D3E481F7B956C003F3110 /* DataDrivenTests.xctest */,
			);
			name = Products;
			sourceTree = "<group>";
		};
		355D3E361F7B956C003F3110 /* DataDriven */ = {
			isa = PBXGroup;
			children = (
				355D3E371F7B956C003F3110 /* AppDelegate.swift */,
				355D3E391F7B956C003F3110 /* ViewController.swift */,
				355D3E3B1F7B956C003F3110 /* Main.storyboard */,
				355D3E3E1F7B956C003F3110 /* Assets.xcassets */,
				355D3E401F7B956C003F3110 /* LaunchScreen.storyboard */,
				355D3E431F7B956C003F3110 /* Info.plist */,
			);
			path = DataDriven;
			sourceTree = "<group>";
		};
		355D3E4B1F7B956C003F3110 /* DataDrivenTests */ = {
			isa = PBXGroup;
			children = (
				355D3E4C1F7B956C003F3110 /* DataDrivenTests.swift */,
				355D3E4E1F7B956C003F3110 /* Info.plist */,
			);
			path = DataDrivenTests;
			sourceTree = "<group>";
		};
/* End PBXGroup section */

/* Begin PBXNativeTarget section */
		355D3E331F7B956C003F3110 /* DataDriven */ = {
			isa = PBXNativeTarget;
			buildConfigurationList = 355D3E511F7B956C003F3110 /* Build configuration list for PBXNativeTarget "DataDriven" */;
			buildPhases = (
				355D3E301F7B956C003F3110 /* Sources */,
				355D3E311F7B956C003F3110 /* Frameworks */,
				355D3E321F7B956C003F3110 /* Resources */,
			);
			buildRules = (
			);
			dependencies = (
			);
			name = DataDriven;
			productName = DataDriven;
			productReference = 355D3E341F7B956C003F3110 /* DataDriven.app */;
			productType = "com.apple.product-type.application";
		};
		355D3E471F7B956C003F3110 /* DataDrivenTests */ = {
			isa = PBXNativeTarget;
			buildConfigurationList = 355D3E541F7B956C003F3110 /* Build configuration list for PBXNativeTarget "DataDrivenTests" */;
			buildPhases = (
				355D3E441F7B956C003F3110 /* Sources */,
				355D3E451F7B956C003F3110 /* Frameworks */,
				355D3E461F7B956C003F3110 /* Resources */,
			);
			buildRules = (
			);
			dependencies = (
				355D3E4A1F7B956C003F3110 /* PBXTargetDependency */,
			);
			name = DataDrivenTests;
			productName = DataDrivenTests;
			productReference = 355D3E481F7B956C003F3110 /* DataDrivenTests.xctest */;
			productType = "com.apple.product-type.bundle.unit-test";
		};
/* End PBXNativeTarget section */

/* Begin PBXProject section */
		355D3E2C1F7B956C003F3110 /* Project object */ = {
			isa = PBXProject;
			attributes = {
				LastSwiftUpdateCheck = 0900;
				LastUpgradeCheck = 0900;
				ORGANIZATIONNAME = "王智刚";
				TargetAttributes = {
					355D3E331F7B956C003F3110 = {
						CreatedOnToolsVersion = 9.0;
						ProvisioningStyle = Automatic;
					};
					355D3E471F7B956C003F3110 = {
						CreatedOnToolsVersion = 9.0;
						ProvisioningStyle = Automatic;
						TestTargetID = 355D3E331F7B956C003F3110;
					};
				};
			};
			buildConfigurationList = 355D3E2F1F7B956C003F3110 /* Build configuration list for PBXProject "DataDriven" */;
			compatibilityVersion = "Xcode 8.0";
			developmentRegion = en;
			hasScannedForEncodings = 0;
			knownRegions = (
				en,
				Base,
			);
			mainGroup = 355D3E2B1F7B956C003F3110;
			productRefGroup = 355D3E351F7B956C003F3110 /* Products */;
			projectDirPath = "";
			projectRoot = "";
			targets = (
				355D3E331F7B956C003F3110 /* DataDriven */,
				355D3E471F7B956C003F3110 /* DataDrivenTests */,
			);
		};
/* End PBXProject section */

/* Begin PBXResourcesBuildPhase section */
		355D3E321F7B956C003F3110 /* Resources */ = {
			isa = PBXResourcesBuildPhase;
			buildActionMask = 2147483647;
			files = (
				355D3E421F7B956C003F3110 /* LaunchScreen.storyboard in Resources */,
				355D3E3F1F7B956C003F3110 /* Assets.xcassets in Resources */,
				355D3E3D1F7B956C003F3110 /* Main.storyboard in Resources */,
			);
			runOnlyForDeploymentPostprocessing = 0;
		};
		355D3E461F7B956C003F3110 /* Resources */ = {
			isa = PBXResourcesBuildPhase;
			buildActionMask = 2147483647;
			files = (
			);
			runOnlyForDeploymentPostprocessing = 0;
		};
/* End PBXResourcesBuildPhase section */

/* Begin PBXSourcesBuildPhase section */
		355D3E301F7B956C003F3110 /* Sources */ = {
			isa = PBXSourcesBuildPhase;
			buildActionMask = 2147483647;
			files = (
				355D3E3A1F7B956C003F3110 /* ViewController.swift in Sources */,
				355D3E381F7B956C003F3110 /* AppDelegate.swift in Sources */,
			);
			runOnlyForDeploymentPostprocessing = 0;
		};
		355D3E441F7B956C003F3110 /* Sources */ = {
			isa = PBXSourcesBuildPhase;
			buildActionMask = 2147483647;
			files = (
				355D3E4D1F7B956C003F3110 /* DataDrivenTests.swift in Sources */,
			);
			runOnlyForDeploymentPostprocessing = 0;
		};
/* End PBXSourcesBuildPhase section */

/* Begin PBXTargetDependency section */
		355D3E4A1F7B956C003F3110 /* PBXTargetDependency */ = {
			isa = PBXTargetDependency;
			target = 355D3E331F7B956C003F3110 /* DataDriven */;
			targetProxy = 355D3E491F7B956C003F3110 /* PBXContainerItemProxy */;
		};
/* End PBXTargetDependency section */

/* Begin PBXVariantGroup section */
		355D3E3B1F7B956C003F3110 /* Main.storyboard */ = {
			isa = PBXVariantGroup;
			children = (
				355D3E3C1F7B956C003F3110 /* Base */,
			);
			name = Main.storyboard;
			sourceTree = "<group>";
		};
		355D3E401F7B956C003F3110 /* LaunchScreen.storyboard */ = {
			isa = PBXVariantGroup;
			children = (
				355D3E411F7B956C003F3110 /* Base */,
			);
			name = LaunchScreen.storyboard;
			sourceTree = "<group>";
		};
/* End PBXVariantGroup section */

/* Begin XCBuildConfiguration section */
		355D3E4F1F7B956C003F3110 /* Debug */ = {
			isa = XCBuildConfiguration;
			buildSettings = {
				ALWAYS_SEARCH_USER_PATHS = NO;
				CLANG_ANALYZER_NONNULL = YES;
				CLANG_ANALYZER_NUMBER_OBJECT_CONVERSION = YES_AGGRESSIVE;
				CLANG_CXX_LANGUAGE_STANDARD = "gnu++14";
				CLANG_CXX_LIBRARY = "libc++";
				CLANG_ENABLE_MODULES = YES;
				CLANG_ENABLE_OBJC_ARC = YES;
				CLANG_WARN_BLOCK_CAPTURE_AUTORELEASING = YES;
				CLANG_WARN_BOOL_CONVERSION = YES;
				CLANG_WARN_COMMA = YES;
				CLANG_WARN_CONSTANT_CONVERSION = YES;
				CLANG_WARN_DIRECT_OBJC_ISA_USAGE = YES_ERROR;
				CLANG_WARN_DOCUMENTATION_COMMENTS = YES;
				CLANG_WARN_EMPTY_BODY = YES;
				CLANG_WARN_ENUM_CONVERSION = YES;
				CLANG_WARN_INFINITE_RECURSION = YES;
				CLANG_WARN_INT_CONVERSION = YES;
				CLANG_WARN_NON_LITERAL_NULL_CONVERSION = YES;
				CLANG_WARN_OBJC_LITERAL_CONVERSION = YES;
				CLANG_WARN_OBJC_ROOT_CLASS = YES_ERROR;
				CLANG_WARN_RANGE_LOOP_ANALYSIS = YES;
				CLANG_WARN_STRICT_PROTOTYPES = YES;
				CLANG_WARN_SUSPICIOUS_MOVE = YES;
				CLANG_WARN_UNGUARDED_AVAILABILITY = YES_AGGRESSIVE;
				CLANG_WARN_UNREACHABLE_CODE = YES;
				CLANG_WARN__DUPLICATE_METHOD_MATCH = YES;
				CODE_SIGN_IDENTITY = "iPhone Developer";
				COPY_PHASE_STRIP = NO;
				DEBUG_INFORMATION_FORMAT = dwarf;
				ENABLE_STRICT_OBJC_MSGSEND = YES;
				ENABLE_TESTABILITY = YES;
				GCC_C_LANGUAGE_STANDARD = gnu11;
				GCC_DYNAMIC_NO_PIC = NO;
				GCC_NO_COMMON_BLOCKS = YES;
				GCC_OPTIMIZATION_LEVEL = 0;
				GCC_PREPROCESSOR_DEFINITIONS = (
					"DEBUG=1",
					"$(inherited)",
				);
				GCC_WARN_64_TO_32_BIT_CONVERSION = YES;
				GCC_WARN_ABOUT_RETURN_TYPE = YES_ERROR;
				GCC_WARN_UNDECLARED_SELECTOR = YES;
				GCC_WARN_UNINITIALIZED_AUTOS = YES_AGGRESSIVE;
				GCC_WARN_UNUSED_FUNCTION = YES;
				GCC_WARN_UNUSED_VARIABLE = YES;
				IPHONEOS_DEPLOYMENT_TARGET = 11.0;
				MTL_ENABLE_DEBUG_INFO = YES;
				ONLY_ACTIVE_ARCH = YES;
				SDKROOT = iphoneos;
				SWIFT_ACTIVE_COMPILATION_CONDITIONS = DEBUG;
				SWIFT_OPTIMIZATION_LEVEL = "-Onone";
			};
			name = Debug;
		};
		355D3E501F7B956C003F3110 /* Release */ = {
			isa = XCBuildConfiguration;
			buildSettings = {
				ALWAYS_SEARCH_USER_PATHS = NO;
				CLANG_ANALYZER_NONNULL = YES;
				CLANG_ANALYZER_NUMBER_OBJECT_CONVERSION = YES_AGGRESSIVE;
				CLANG_CXX_LANGUAGE_STANDARD = "gnu++14";
				CLANG_CXX_LIBRARY = "libc++";
				CLANG_ENABLE_MODULES = YES;
				CLANG_ENABLE_OBJC_ARC = YES;
				CLANG_WARN_BLOCK_CAPTURE_AUTORELEASING = YES;
				CLANG_WARN_BOOL_CONVERSION = YES;
				CLANG_WARN_COMMA = YES;
				CLANG_WARN_CONSTANT_CONVERSION = YES;
				CLANG_WARN_DIRECT_OBJC_ISA_USAGE = YES_ERROR;
				CLANG_WARN_DOCUMENTATION_COMMENTS = YES;
				CLANG_WARN_EMPTY_BODY = YES;
				CLANG_WARN_ENUM_CONVERSION = YES;
				CLANG_WARN_INFINITE_RECURSION = YES;
				CLANG_WARN_INT_CONVERSION = YES;
				CLANG_WARN_NON_LITERAL_NULL_CONVERSION = YES;
				CLANG_WARN_OBJC_LITERAL_CONVERSION = YES;
				CLANG_WARN_OBJC_ROOT_CLASS = YES_ERROR;
				CLANG_WARN_RANGE_LOOP_ANALYSIS = YES;
				CLANG_WARN_STRICT_PROTOTYPES = YES;
				CLANG_WARN_SUSPICIOUS_MOVE = YES;
				CLANG_WARN_UNGUARDED_AVAILABILITY = YES_AGGRESSIVE;
				CLANG_WARN_UNREACHABLE_CODE = YES;
				CLANG_WARN__DUPLICATE_METHOD_MATCH = YES;
				CODE_SIGN_IDENTITY = "iPhone Developer";
				COPY_PHASE_STRIP = NO;
				DEBUG_INFORMATION_FORMAT = "dwarf-with-dsym";
				ENABLE_NS_ASSERTIONS = NO;
				ENABLE_STRICT_OBJC_MSGSEND = YES;
				GCC_C_LANGUAGE_STANDARD = gnu11;
				GCC_NO_COMMON_BLOCKS = YES;
				GCC_WARN_64_TO_32_BIT_CONVERSION = YES;
				GCC_WARN_ABOUT_RETURN_TYPE = YES_ERROR;
				GCC_WARN_UNDECLARED_SELECTOR = YES;
				GCC_WARN_UNINITIALIZED_AUTOS = YES_AGGRESSIVE;
				GCC_WARN_UNUSED_FUNCTION = YES;
				GCC_WARN_UNUSED_VARIABLE = YES;
				IPHONEOS_DEPLOYMENT_TARGET = 11.0;
				MTL_ENABLE_DEBUG_INFO = NO;
				SDKROOT = iphoneos;
				SWIFT_OPTIMIZATION_LEVEL = "-Owholemodule";
				VALIDATE_PRODUCT = YES;
			};
			name = Release;
		};
		355D3E521F7B956C003F3110 /* Debug */ = {
			isa = XCBuildConfiguration;
			buildSettings = {
				ASSETCATALOG_COMPILER_APPICON_NAME = AppIcon;
				CODE_SIGN_STYLE = Automatic;
				DEVELOPMENT_TEAM = YH9Z7WK452;
				INFOPLIST_FILE = DataDriven/Info.plist;
				LD_RUNPATH_SEARCH_PATHS = "$(inherited) @executable_path/Frameworks";
				PRODUCT_BUNDLE_IDENTIFIER = com.test.123.DataDriven;
				PRODUCT_NAME = "$(TARGET_NAME)";
				SWIFT_VERSION = 4.0;
				TARGETED_DEVICE_FAMILY = "1,2";
			};
			name = Debug;
		};
		355D3E531F7B956C003F3110 /* Release */ = {
			isa = XCBuildConfiguration;
			buildSettings = {
				ASSETCATALOG_COMPILER_APPICON_NAME = AppIcon;
				CODE_SIGN_STYLE = Automatic;
				DEVELOPMENT_TEAM = YH9Z7WK452;
				INFOPLIST_FILE = DataDriven/Info.plist;
				LD_RUNPATH_SEARCH_PATHS = "$(inherited) @executable_path/Frameworks";
				PRODUCT_BUNDLE_IDENTIFIER = com.test.123.DataDriven;
				PRODUCT_NAME = "$(TARGET_NAME)";
				SWIFT_VERSION = 4.0;
				TARGETED_DEVICE_FAMILY = "1,2";
			};
			name = Release;
		};
		355D3E551F7B956C003F3110 /* Debug */ = {
			isa = XCBuildConfiguration;
			buildSettings = {
				ALWAYS_EMBED_SWIFT_STANDARD_LIBRARIES = YES;
				BUNDLE_LOADER = "$(TEST_HOST)";
				CODE_SIGN_STYLE = Automatic;
				DEVELOPMENT_TEAM = YH9Z7WK452;
				INFOPLIST_FILE = DataDrivenTests/Info.plist;
				LD_RUNPATH_SEARCH_PATHS = "$(inherited) @executable_path/Frameworks @loader_path/Frameworks";
				PRODUCT_BUNDLE_IDENTIFIER = com.test.123.DataDrivenTests;
				PRODUCT_NAME = "$(TARGET_NAME)";
				SWIFT_VERSION = 4.0;
				TARGETED_DEVICE_FAMILY = "1,2";
				TEST_HOST = "$(BUILT_PRODUCTS_DIR)/DataDriven.app/DataDriven";
			};
			name = Debug;
		};
		355D3E561F7B956C003F3110 /* Release */ = {
			isa = XCBuildConfiguration;
			buildSettings = {
				ALWAYS_EMBED_SWIFT_STANDARD_LIBRARIES = YES;
				BUNDLE_LOADER = "$(TEST_HOST)";
				CODE_SIGN_STYLE = Automatic;
				DEVELOPMENT_TEAM = YH9Z7WK452;
				INFOPLIST_FILE = DataDrivenTests/Info.plist;
				LD_RUNPATH_SEARCH_PATHS = "$(inherited) @executable_path/Frameworks @loader_path/Frameworks";
				PRODUCT_BUNDLE_IDENTIFIER = com.test.123.DataDrivenTests;
				PRODUCT_NAME = "$(TARGET_NAME)";
				SWIFT_VERSION = 4.0;
				TARGETED_DEVICE_FAMILY = "1,2";
				TEST_HOST = "$(BUILT_PRODUCTS_DIR)/DataDriven.app/DataDriven";
			};
			name = Release;
		};
/* End XCBuildConfiguration section */

/* Begin XCConfigurationList section */
		355D3E2F1F7B956C003F3110 /* Build configuration list for PBXProject "DataDriven" */ = {
			isa = XCConfigurationList;
			buildConfigurations = (
				355D3E4F1F7B956C003F3110 /* Debug */,
				355D3E501F7B956C003F3110 /* Release */,
			);
			defaultConfigurationIsVisible = 0;
			defaultConfigurationName = Release;
		};
		355D3E511F7B956C003F3110 /* Build configuration list for PBXNativeTarget "DataDriven" */ = {
			isa = XCConfigurationList;
			buildConfigurations = (
				355D3E521F7B956C003F3110 /* Debug */,
				355D3E531F7B956C003F3110 /* Release */,
			);
			defaultConfigurationIsVisible = 0;
			defaultConfigurationName = Release;
		};
		355D3E541F7B956C003F3110 /* Build configuration list for PBXNativeTarget "DataDrivenTests" */ = {
			isa = XCConfigurationList;
			buildConfigurations = (
				355D3E551F7B956C003F3110 /* Debug */,
				355D3E561F7B956C003F3110 /* Release */,
			);
			defaultConfigurationIsVisible = 0;
			defaultConfigurationName = Release;
		};
/* End XCConfigurationList section */
	};
	rootObject = 355D3E2C1F7B956C003F3110 /* Project object */;
}
